
Microsoft Visual Studio Solution File, Format Version 12.00
# Visual Studio Version 16
VisualStudioVersion = 16.0.33920.266
MinimumVisualStudioVersion = 10.0.40219.1
Project("{FAE04EC0-301F-11D3-BF4B-00C04F79EFBC}") = "crearsha1", "crearsha1\crearsha1.csproj", "{09B0CAC7-59CC-4C99-AEE5-CF6C7D37BF8B}"
EndProject
Global
	GlobalSection(SolutionConfigurationPlatforms) = preSolution
		Debug|Any CPU = Debug|Any CPU
		Release|Any CPU = Release|Any CPU
	EndGlobalSection
	GlobalSection(ProjectConfigurationPlatforms) = postSolution
		{09B0CAC7-59CC-4C99-AEE5-CF6C7D37BF8B}.Debug|Any CPU.ActiveCfg = Debug|Any CPU
		{09B0CAC7-59CC-4C99-AEE5-CF6C7D37BF8B}.Debug|Any CPU.Build.0 = Debug|Any CPU
		{09B0CAC7-59CC-4C99-AEE5-CF6C7D37BF8B}.Release|Any CPU.ActiveCfg = Release|Any CPU
		{09B0CAC7-59CC-4C99-AEE5-CF6C7D37BF8B}.Release|Any CPU.Build.0 = Release|Any CPU
	EndGlobalSection
	GlobalSection(SolutionProperties) = preSolution
		HideSolutionNode = FALSE
	EndGlobalSection
	GlobalSection(ExtensibilityGlobals) = postSolution
		SolutionGuid = {C304FFF5-5412-4F0B-99E3-FB7BF3AF04AA}
	EndGlobalSection
EndGlobal
